// !$*UTF8*$!
{
	archiveVersion = 1;
	classes = {
	};
	objectVersion = 46;
	objects = {

/* Begin PBXBuildFile section */
		024877BD171DA1F2007625B8 /* CounterTest2.m in Sources */ = {isa = PBXBuildFile; fileRef = 024877BC171DA1F2007625B8 /* CounterTest2.m */; };
		02C8554E1715528800982AC3 /* UIKit.framework in Frameworks */ = {isa = PBXBuildFile; fileRef = 02C8554D1715528800982AC3 /* UIKit.framework */; };
		02C855501715528800982AC3 /* Foundation.framework in Frameworks */ = {isa = PBXBuildFile; fileRef = 02C8554F1715528800982AC3 /* Foundation.framework */; };
		02C855521715528800982AC3 /* CoreGraphics.framework in Frameworks */ = {isa = PBXBuildFile; fileRef = 02C855511715528800982AC3 /* CoreGraphics.framework */; };
		02C855581715528800982AC3 /* InfoPlist.strings in Resources */ = {isa = PBXBuildFile; fileRef = 02C855561715528800982AC3 /* InfoPlist.strings */; };
		02C8555A1715528800982AC3 /* main.m in Sources */ = {isa = PBXBuildFile; fileRef = 02C855591715528800982AC3 /* main.m */; };
		02C8555E1715528800982AC3 /* BirdsAppDelegate.m in Sources */ = {isa = PBXBuildFile; fileRef = 02C8555D1715528800982AC3 /* BirdsAppDelegate.m */; };
		02C855601715528800982AC3 /* Default.png in Resources */ = {isa = PBXBuildFile; fileRef = 02C8555F1715528800982AC3 /* Default.png */; };
		02C855621715528800982AC3 /* Default@2x.png in Resources */ = {isa = PBXBuildFile; fileRef = 02C855611715528800982AC3 /* Default@2x.png */; };
		02C855641715528800982AC3 /* Default-568h@2x.png in Resources */ = {isa = PBXBuildFile; fileRef = 02C855631715528800982AC3 /* Default-568h@2x.png */; };
		02C8556C1715528800982AC3 /* SenTestingKit.framework in Frameworks */ = {isa = PBXBuildFile; fileRef = 02C8556B1715528800982AC3 /* SenTestingKit.framework */; };
		02C8556D1715528800982AC3 /* UIKit.framework in Frameworks */ = {isa = PBXBuildFile; fileRef = 02C8554D1715528800982AC3 /* UIKit.framework */; };
		02C8556E1715528800982AC3 /* Foundation.framework in Frameworks */ = {isa = PBXBuildFile; fileRef = 02C8554F1715528800982AC3 /* Foundation.framework */; };
		02C855761715528800982AC3 /* InfoPlist.strings in Resources */ = {isa = PBXBuildFile; fileRef = 02C855741715528800982AC3 /* InfoPlist.strings */; };
		02C85583171552AD00982AC3 /* OCMockitoIOS.framework in Frameworks */ = {isa = PBXBuildFile; fileRef = 02C85582171552AD00982AC3 /* OCMockitoIOS.framework */; };
		02C855871715530E00982AC3 /* OCHamcrestIOS.framework in Frameworks */ = {isa = PBXBuildFile; fileRef = 02C855861715530E00982AC3 /* OCHamcrestIOS.framework */; };
		02C8558F1715536800982AC3 /* CounterViewController.m in Sources */ = {isa = PBXBuildFile; fileRef = 02C8558D1715536800982AC3 /* CounterViewController.m */; };
		02C855901715536800982AC3 /* CounterViewController.xib in Resources */ = {isa = PBXBuildFile; fileRef = 02C8558E1715536800982AC3 /* CounterViewController.xib */; };
		02C855921715552300982AC3 /* CounterViewControllerTest.m in Sources */ = {isa = PBXBuildFile; fileRef = 02C855911715552300982AC3 /* CounterViewControllerTest.m */; };
		02C855951715561F00982AC3 /* Counter.m in Sources */ = {isa = PBXBuildFile; fileRef = 02C855941715561F00982AC3 /* Counter.m */; };
		02C8559717155C9000982AC3 /* CounterTest.m in Sources */ = {isa = PBXBuildFile; fileRef = 02C8559617155C9000982AC3 /* CounterTest.m */; };
/* End PBXBuildFile section */

/* Begin PBXContainerItemProxy section */
		02C8556F1715528800982AC3 /* PBXContainerItemProxy */ = {
			isa = PBXContainerItemProxy;
			containerPortal = 02C855401715528800982AC3 /* Project object */;
			proxyType = 1;
			remoteGlobalIDString = 02C855481715528800982AC3;
			remoteInfo = iOSCounter4MVC;
		};
/* End PBXContainerItemProxy section */

/* Begin PBXFileReference section */
		024877BC171DA1F2007625B8 /* CounterTest2.m */ = {isa = PBXFileReference; fileEncoding = 4; lastKnownFileType = sourcecode.c.objc; path = CounterTest2.m; sourceTree = "<group>"; };
		02C855491715528800982AC3 /* iOSCounter4MVC.app */ = {isa = PBXFileReference; explicitFileType = wrapper.application; includeInIndex = 0; path = iOSCounter4MVC.app; sourceTree = BUILT_PRODUCTS_DIR; };
		02C8554D1715528800982AC3 /* UIKit.framework */ = {isa = PBXFileReference; lastKnownFileType = wrapper.framework; name = UIKit.framework; path = System/Library/Frameworks/UIKit.framework; sourceTree = SDKROOT; };
		02C8554F1715528800982AC3 /* Foundation.framework */ = {isa = PBXFileReference; lastKnownFileType = wrapper.framework; name = Foundation.framework; path = System/Library/Frameworks/Foundation.framework; sourceTree = SDKROOT; };
		02C855511715528800982AC3 /* CoreGraphics.framework */ = {isa = PBXFileReference; lastKnownFileType = wrapper.framework; name = CoreGraphics.framework; path = System/Library/Frameworks/CoreGraphics.framework; sourceTree = SDKROOT; };
		02C855551715528800982AC3 /* iOSCounter4MVC-Info.plist */ = {isa = PBXFileReference; lastKnownFileType = text.plist.xml; path = "iOSCounter4MVC-Info.plist"; sourceTree = "<group>"; };
		02C855571715528800982AC3 /* en */ = {isa = PBXFileReference; lastKnownFileType = text.plist.strings; name = en; path = en.lproj/InfoPlist.strings; sourceTree = "<group>"; };
		02C855591715528800982AC3 /* main.m */ = {isa = PBXFileReference; lastKnownFileType = sourcecode.c.objc; path = main.m; sourceTree = "<group>"; };
		02C8555B1715528800982AC3 /* iOSCounter4MVC-Prefix.pch */ = {isa = PBXFileReference; lastKnownFileType = sourcecode.c.h; path = "iOSCounter4MVC-Prefix.pch"; sourceTree = "<group>"; };
		02C8555C1715528800982AC3 /* BirdsAppDelegate.h */ = {isa = PBXFileReference; lastKnownFileType = sourcecode.c.h; path = BirdsAppDelegate.h; sourceTree = "<group>"; };
		02C8555D1715528800982AC3 /* BirdsAppDelegate.m */ = {isa = PBXFileReference; lastKnownFileType = sourcecode.c.objc; path = BirdsAppDelegate.m; sourceTree = "<group>"; };
		02C8555F1715528800982AC3 /* Default.png */ = {isa = PBXFileReference; lastKnownFileType = image.png; path = Default.png; sourceTree = "<group>"; };
		02C855611715528800982AC3 /* Default@2x.png */ = {isa = PBXFileReference; lastKnownFileType = image.png; path = "Default@2x.png"; sourceTree = "<group>"; };
		02C855631715528800982AC3 /* Default-568h@2x.png */ = {isa = PBXFileReference; lastKnownFileType = image.png; path = "Default-568h@2x.png"; sourceTree = "<group>"; };
		02C8556A1715528800982AC3 /* iOSCounter4MVCTests.octest */ = {isa = PBXFileReference; explicitFileType = wrapper.cfbundle; includeInIndex = 0; path = iOSCounter4MVCTests.octest; sourceTree = BUILT_PRODUCTS_DIR; };
		02C8556B1715528800982AC3 /* SenTestingKit.framework */ = {isa = PBXFileReference; lastKnownFileType = wrapper.framework; name = SenTestingKit.framework; path = Library/Frameworks/SenTestingKit.framework; sourceTree = DEVELOPER_DIR; };
		02C855731715528800982AC3 /* iOSCounter4MVCTests-Info.plist */ = {isa = PBXFileReference; lastKnownFileType = text.plist.xml; path = "iOSCounter4MVCTests-Info.plist"; sourceTree = "<group>"; };
		02C855751715528800982AC3 /* en */ = {isa = PBXFileReference; lastKnownFileType = text.plist.strings; name = en; path = en.lproj/InfoPlist.strings; sourceTree = "<group>"; };
		02C85582171552AD00982AC3 /* OCMockitoIOS.framework */ = {isa = PBXFileReference; lastKnownFileType = wrapper.framework; path = OCMockitoIOS.framework; sourceTree = "<group>"; };
		02C855861715530E00982AC3 /* OCHamcrestIOS.framework */ = {isa = PBXFileReference; lastKnownFileType = wrapper.framework; path = OCHamcrestIOS.framework; sourceTree = "<group>"; };
		02C8558C1715536800982AC3 /* CounterViewController.h */ = {isa = PBXFileReference; fileEncoding = 4; lastKnownFileType = sourcecode.c.h; path = CounterViewController.h; sourceTree = "<group>"; };
		02C8558D1715536800982AC3 /* CounterViewController.m */ = {isa = PBXFileReference; fileEncoding = 4; lastKnownFileType = sourcecode.c.objc; path = CounterViewController.m; sourceTree = "<group>"; };
		02C8558E1715536800982AC3 /* CounterViewController.xib */ = {isa = PBXFileReference; fileEncoding = 4; lastKnownFileType = file.xib; path = CounterViewController.xib; sourceTree = "<group>"; };
		02C855911715552300982AC3 /* CounterViewControllerTest.m */ = {isa = PBXFileReference; fileEncoding = 4; lastKnownFileType = sourcecode.c.objc; path = CounterViewControllerTest.m; sourceTree = "<group>"; };
		02C855931715561F00982AC3 /* Counter.h */ = {isa = PBXFileReference; fileEncoding = 4; lastKnownFileType = sourcecode.c.h; path = Counter.h; sourceTree = "<group>"; };
		02C855941715561F00982AC3 /* Counter.m */ = {isa = PBXFileReference; fileEncoding = 4; lastKnownFileType = sourcecode.c.objc; path = Counter.m; sourceTree = "<group>"; };
		02C8559617155C9000982AC3 /* CounterTest.m */ = {isa = PBXFileReference; fileEncoding = 4; lastKnownFileType = sourcecode.c.objc; path = CounterTest.m; sourceTree = "<group>"; };
/* End PBXFileReference section */

/* Begin PBXFrameworksBuildPhase section */
		02C855461715528800982AC3 /* Frameworks */ = {
			isa = PBXFrameworksBuildPhase;
			buildActionMask = 2147483647;
			files = (
				02C8554E1715528800982AC3 /* UIKit.framework in Frameworks */,
				02C855501715528800982AC3 /* Foundation.framework in Frameworks */,
				02C855521715528800982AC3 /* CoreGraphics.framework in Frameworks */,
			);
			runOnlyForDeploymentPostprocessing = 0;
		};
		02C855661715528800982AC3 /* Frameworks */ = {
			isa = PBXFrameworksBuildPhase;
			buildActionMask = 2147483647;
			files = (
				02C8556C1715528800982AC3 /* SenTestingKit.framework in Frameworks */,
				02C8556D1715528800982AC3 /* UIKit.framework in Frameworks */,
				02C8556E1715528800982AC3 /* Foundation.framework in Frameworks */,
				02C85583171552AD00982AC3 /* OCMockitoIOS.framework in Frameworks */,
				02C855871715530E00982AC3 /* OCHamcrestIOS.framework in Frameworks */,
			);
			runOnlyForDeploymentPostprocessing = 0;
		};
/* End PBXFrameworksBuildPhase section */

/* Begin PBXGroup section */
		02C8553E1715528800982AC3 = {
			isa = PBXGroup;
			children = (
				02C855531715528800982AC3 /* iOSCounter4MVC */,
				02C855711715528800982AC3 /* iOSCounter4MVCTests */,
				02C8554C1715528800982AC3 /* Frameworks */,
				02C8554A1715528800982AC3 /* Products */,
			);
			sourceTree = "<group>";
		};
		02C8554A1715528800982AC3 /* Products */ = {
			isa = PBXGroup;
			children = (
				02C855491715528800982AC3 /* iOSCounter4MVC.app */,
				02C8556A1715528800982AC3 /* iOSCounter4MVCTests.octest */,
			);
			name = Products;
			sourceTree = "<group>";
		};
		02C8554C1715528800982AC3 /* Frameworks */ = {
			isa = PBXGroup;
			children = (
				02C855861715530E00982AC3 /* OCHamcrestIOS.framework */,
				02C85582171552AD00982AC3 /* OCMockitoIOS.framework */,
				02C8554D1715528800982AC3 /* UIKit.framework */,
				02C8554F1715528800982AC3 /* Foundation.framework */,
				02C855511715528800982AC3 /* CoreGraphics.framework */,
				02C8556B1715528800982AC3 /* SenTestingKit.framework */,
			);
			name = Frameworks;
			sourceTree = "<group>";
		};
		02C855531715528800982AC3 /* iOSCounter4MVC */ = {
			isa = PBXGroup;
			children = (
				02C8555C1715528800982AC3 /* BirdsAppDelegate.h */,
				02C8555D1715528800982AC3 /* BirdsAppDelegate.m */,
				02C855541715528800982AC3 /* Supporting Files */,
				02C8558C1715536800982AC3 /* CounterViewController.h */,
				02C8558D1715536800982AC3 /* CounterViewController.m */,
				02C8558E1715536800982AC3 /* CounterViewController.xib */,
				02C855931715561F00982AC3 /* Counter.h */,
				02C855941715561F00982AC3 /* Counter.m */,
			);
			path = iOSCounter4MVC;
			sourceTree = "<group>";
		};
		02C855541715528800982AC3 /* Supporting Files */ = {
			isa = PBXGroup;
			children = (
				02C855551715528800982AC3 /* iOSCounter4MVC-Info.plist */,
				02C855561715528800982AC3 /* InfoPlist.strings */,
				02C855591715528800982AC3 /* main.m */,
				02C8555B1715528800982AC3 /* iOSCounter4MVC-Prefix.pch */,
				02C8555F1715528800982AC3 /* Default.png */,
				02C855611715528800982AC3 /* Default@2x.png */,
				02C855631715528800982AC3 /* Default-568h@2x.png */,
			);
			name = "Supporting Files";
			sourceTree = "<group>";
		};
		02C855711715528800982AC3 /* iOSCounter4MVCTests */ = {
			isa = PBXGroup;
			children = (
				024877BC171DA1F2007625B8 /* CounterTest2.m */,
				02C8559617155C9000982AC3 /* CounterTest.m */,
				02C855911715552300982AC3 /* CounterViewControllerTest.m */,
				02C855721715528800982AC3 /* Supporting Files */,
			);
			path = iOSCounter4MVCTests;
			sourceTree = "<group>";
		};
		02C855721715528800982AC3 /* Supporting Files */ = {
			isa = PBXGroup;
			children = (
				02C855731715528800982AC3 /* iOSCounter4MVCTests-Info.plist */,
				02C855741715528800982AC3 /* InfoPlist.strings */,
			);
			name = "Supporting Files";
			sourceTree = "<group>";
		};
/* End PBXGroup section */

/* Begin PBXNativeTarget section */
		02C855481715528800982AC3 /* iOSCounter4MVC */ = {
			isa = PBXNativeTarget;
			buildConfigurationList = 02C8557C1715528800982AC3 /* Build configuration list for PBXNativeTarget "iOSCounter4MVC" */;
			buildPhases = (
				02C855451715528800982AC3 /* Sources */,
				02C855461715528800982AC3 /* Frameworks */,
				02C855471715528800982AC3 /* Resources */,
			);
			buildRules = (
			);
			dependencies = (
			);
			name = iOSCounter4MVC;
			productName = iOSCounter4MVC;
			productReference = 02C855491715528800982AC3 /* iOSCounter4MVC.app */;
			productType = "com.apple.product-type.application";
		};
		02C855691715528800982AC3 /* iOSCounter4MVCTests */ = {
			isa = PBXNativeTarget;
			buildConfigurationList = 02C8557F1715528800982AC3 /* Build configuration list for PBXNativeTarget "iOSCounter4MVCTests" */;
			buildPhases = (
				02C855651715528800982AC3 /* Sources */,
				02C855661715528800982AC3 /* Frameworks */,
				02C855671715528800982AC3 /* Resources */,
				02C855681715528800982AC3 /* ShellScript */,
				024F6147181DB2C2009CA363 /* ShellScript */,
			);
			buildRules = (
			);
			dependencies = (
				02C855701715528800982AC3 /* PBXTargetDependency */,
			);
			name = iOSCounter4MVCTests;
			productName = iOSCounter4MVCTests;
			productReference = 02C8556A1715528800982AC3 /* iOSCounter4MVCTests.octest */;
			productType = "com.apple.product-type.bundle";
		};
/* End PBXNativeTarget section */

/* Begin PBXProject section */
		02C855401715528800982AC3 /* Project object */ = {
			isa = PBXProject;
			attributes = {
				CLASSPREFIX = Birds;
				LastUpgradeCheck = 0450;
				ORGANIZATIONNAME = xxxxx;
			};
			buildConfigurationList = 02C855431715528800982AC3 /* Build configuration list for PBXProject "iOSCounter4MVC" */;
			compatibilityVersion = "Xcode 3.2";
			developmentRegion = English;
			hasScannedForEncodings = 0;
			knownRegions = (
				en,
			);
			mainGroup = 02C8553E1715528800982AC3;
			productRefGroup = 02C8554A1715528800982AC3 /* Products */;
			projectDirPath = "";
			projectRoot = "";
			targets = (
				02C855481715528800982AC3 /* iOSCounter4MVC */,
				02C855691715528800982AC3 /* iOSCounter4MVCTests */,
			);
		};
/* End PBXProject section */

/* Begin PBXResourcesBuildPhase section */
		02C855471715528800982AC3 /* Resources */ = {
			isa = PBXResourcesBuildPhase;
			buildActionMask = 2147483647;
			files = (
				02C855581715528800982AC3 /* InfoPlist.strings in Resources */,
				02C855601715528800982AC3 /* Default.png in Resources */,
				02C855621715528800982AC3 /* Default@2x.png in Resources */,
				02C855641715528800982AC3 /* Default-568h@2x.png in Resources */,
				02C855901715536800982AC3 /* CounterViewController.xib in Resources */,
			);
			runOnlyForDeploymentPostprocessing = 0;
		};
		02C855671715528800982AC3 /* Resources */ = {
			isa = PBXResourcesBuildPhase;
			buildActionMask = 2147483647;
			files = (
				02C855761715528800982AC3 /* InfoPlist.strings in Resources */,
			);
			runOnlyForDeploymentPostprocessing = 0;
		};
/* End PBXResourcesBuildPhase section */

/* Begin PBXShellScriptBuildPhase section */
		024F6147181DB2C2009CA363 /* ShellScript */ = {
			isa = PBXShellScriptBuildPhase;
			buildActionMask = 2147483647;
			files = (
			);
			inputPaths = (
			);
			outputPaths = (
			);
			runOnlyForDeploymentPostprocessing = 0;
			shellPath = /bin/sh;
			shellScript = "if [ \"${XCODETEST}\" = \"YES\" ]; then\n\"${PROJECT_DIR}/scripts/RunUnitTests.rb\"\nfi";
		};
		02C855681715528800982AC3 /* ShellScript */ = {
			isa = PBXShellScriptBuildPhase;
			buildActionMask = 2147483647;
			files = (
			);
			inputPaths = (
			);
			outputPaths = (
			);
			runOnlyForDeploymentPostprocessing = 0;
			shellPath = /bin/sh;
			shellScript = "# Run the unit tests in this test bundle.\nif [ \"${XCODETEST}\" = \"\" ]; then\n\"${PROJECT_DIR}/scripts/RunPlatformUnitTests.sh\"\nfi\n";
		};
/* End PBXShellScriptBuildPhase section */

/* Begin PBXSourcesBuildPhase section */
		02C855451715528800982AC3 /* Sources */ = {
			isa = PBXSourcesBuildPhase;
			buildActionMask = 2147483647;
			files = (
				02C8555A1715528800982AC3 /* main.m in Sources */,
				02C8555E1715528800982AC3 /* BirdsAppDelegate.m in Sources */,
				02C8558F1715536800982AC3 /* CounterViewController.m in Sources */,
				02C855951715561F00982AC3 /* Counter.m in Sources */,
			);
			runOnlyForDeploymentPostprocessing = 0;
		};
		02C855651715528800982AC3 /* Sources */ = {
			isa = PBXSourcesBuildPhase;
			buildActionMask = 2147483647;
			files = (
				02C855921715552300982AC3 /* CounterViewControllerTest.m in Sources */,
				02C8559717155C9000982AC3 /* CounterTest.m in Sources */,
				024877BD171DA1F2007625B8 /* CounterTest2.m in Sources */,
			);
			runOnlyForDeploymentPostprocessing = 0;
		};
/* End PBXSourcesBuildPhase section */

/* Begin PBXTargetDependency section */
		02C855701715528800982AC3 /* PBXTargetDependency */ = {
			isa = PBXTargetDependency;
			target = 02C855481715528800982AC3 /* iOSCounter4MVC */;
			targetProxy = 02C8556F1715528800982AC3 /* PBXContainerItemProxy */;
		};
/* End PBXTargetDependency section */

/* Begin PBXVariantGroup section */
		02C855561715528800982AC3 /* InfoPlist.strings */ = {
			isa = PBXVariantGroup;
			children = (
				02C855571715528800982AC3 /* en */,
			);
			name = InfoPlist.strings;
			sourceTree = "<group>";
		};
		02C855741715528800982AC3 /* InfoPlist.strings */ = {
			isa = PBXVariantGroup;
			children = (
				02C855751715528800982AC3 /* en */,
			);
			name = InfoPlist.strings;
			sourceTree = "<group>";
		};
/* End PBXVariantGroup section */

/* Begin XCBuildConfiguration section */
		02C8557A1715528800982AC3 /* Debug */ = {
			isa = XCBuildConfiguration;
			buildSettings = {
				ALWAYS_SEARCH_USER_PATHS = NO;
				CLANG_CXX_LANGUAGE_STANDARD = "gnu++0x";
				CLANG_CXX_LIBRARY = "libc++";
				CLANG_ENABLE_OBJC_ARC = YES;
				CLANG_WARN_EMPTY_BODY = YES;
				CLANG_WARN__DUPLICATE_METHOD_MATCH = YES;
				"CODE_SIGN_IDENTITY[sdk=iphoneos*]" = "iPhone Developer";
				COPY_PHASE_STRIP = NO;
				GCC_C_LANGUAGE_STANDARD = gnu99;
				GCC_DYNAMIC_NO_PIC = NO;
				GCC_OPTIMIZATION_LEVEL = 0;
				GCC_PREPROCESSOR_DEFINITIONS = (
					"DEBUG=1",
					"$(inherited)",
				);
				GCC_SYMBOLS_PRIVATE_EXTERN = NO;
				GCC_WARN_ABOUT_RETURN_TYPE = YES;
				GCC_WARN_UNINITIALIZED_AUTOS = YES;
				GCC_WARN_UNUSED_VARIABLE = YES;
				IPHONEOS_DEPLOYMENT_TARGET = 6.0;
				ONLY_ACTIVE_ARCH = YES;
				SDKROOT = iphoneos;
			};
			name = Debug;
		};
		02C8557B1715528800982AC3 /* Release */ = {
			isa = XCBuildConfiguration;
			buildSettings = {
				ALWAYS_SEARCH_USER_PATHS = NO;
				CLANG_CXX_LANGUAGE_STANDARD = "gnu++0x";
				CLANG_CXX_LIBRARY = "libc++";
				CLANG_ENABLE_OBJC_ARC = YES;
				CLANG_WARN_EMPTY_BODY = YES;
				CLANG_WARN__DUPLICATE_METHOD_MATCH = YES;
				"CODE_SIGN_IDENTITY[sdk=iphoneos*]" = "iPhone Developer";
				COPY_PHASE_STRIP = YES;
				GCC_C_LANGUAGE_STANDARD = gnu99;
				GCC_WARN_ABOUT_RETURN_TYPE = YES;
				GCC_WARN_UNINITIALIZED_AUTOS = YES;
				GCC_WARN_UNUSED_VARIABLE = YES;
				IPHONEOS_DEPLOYMENT_TARGET = 6.0;
				OTHER_CFLAGS = "-DNS_BLOCK_ASSERTIONS=1";
				SDKROOT = iphoneos;
				VALIDATE_PRODUCT = YES;
			};
			name = Release;
		};
		02C8557D1715528800982AC3 /* Debug */ = {
			isa = XCBuildConfiguration;
			buildSettings = {
				GCC_PRECOMPILE_PREFIX_HEADER = YES;
				GCC_PREFIX_HEADER = "iOSCounter4MVC/iOSCounter4MVC-Prefix.pch";
				INFOPLIST_FILE = "iOSCounter4MVC/iOSCounter4MVC-Info.plist";
				OTHER_LDFLAGS = (
					"-ObjC",
					"-all_load",
					"$(XCODE_TEST_LDFLAGS)",
				);
				PRODUCT_NAME = "$(TARGET_NAME)";
				TEST_AFTER_BUILD = YES;
				WRAPPER_EXTENSION = app;
			};
			name = Debug;
		};
		02C8557E1715528800982AC3 /* Release */ = {
			isa = XCBuildConfiguration;
			buildSettings = {
				GCC_PRECOMPILE_PREFIX_HEADER = YES;
				GCC_PREFIX_HEADER = "iOSCounter4MVC/iOSCounter4MVC-Prefix.pch";
				INFOPLIST_FILE = "iOSCounter4MVC/iOSCounter4MVC-Info.plist";
				OTHER_LDFLAGS = (
					"-ObjC",
					"-all_load",
					"$(XCODE_TEST_LDFLAGS)",
				);
				PRODUCT_NAME = "$(TARGET_NAME)";
				TEST_AFTER_BUILD = YES;
				WRAPPER_EXTENSION = app;
			};
			name = Release;
		};
		02C855801715528800982AC3 /* Debug */ = {
			isa = XCBuildConfiguration;
			buildSettings = {
				ARCHS = (
					"$(ARCHS_STANDARD_32_BIT)",
					i386,
				);
				BUNDLE_LOADER = "$(BUILT_PRODUCTS_DIR)/iOSCounter4MVC.app/iOSCounter4MVC";
				FRAMEWORK_SEARCH_PATHS = (
					"\"$(SDKROOT)/Developer/Library/Frameworks\"",
					"\"$(DEVELOPER_LIBRARY_DIR)/Frameworks\"",
					"\"$(SRCROOT)\"",
				);
				GCC_PRECOMPILE_PREFIX_HEADER = YES;
				GCC_PREFIX_HEADER = "iOSCounter4MVC/iOSCounter4MVC-Prefix.pch";
				INFOPLIST_FILE = "iOSCounter4MVCTests/iOSCounter4MVCTests-Info.plist";
				PRODUCT_NAME = "$(TARGET_NAME)";
				TEST_AFTER_BUILD = YES;
				TEST_HOST = "$(BUNDLE_LOADER)";
				VALID_ARCHS = "armv7 armv7s i386";
				WRAPPER_EXTENSION = octest;
			};
			name = Debug;
		};
		02C855811715528800982AC3 /* Release */ = {
			isa = XCBuildConfiguration;
			buildSettings = {
				ARCHS = (
					"$(ARCHS_STANDARD_32_BIT)",
					i386,
				);
				BUNDLE_LOADER = "$(BUILT_PRODUCTS_DIR)/iOSCounter4MVC.app/iOSCounter4MVC";
				FRAMEWORK_SEARCH_PATHS = (
					"\"$(SDKROOT)/Developer/Library/Frameworks\"",
					"\"$(DEVELOPER_LIBRARY_DIR)/Frameworks\"",
					"\"$(SRCROOT)\"",
				);
				GCC_PRECOMPILE_PREFIX_HEADER = YES;
				GCC_PREFIX_HEADER = "iOSCounter4MVC/iOSCounter4MVC-Prefix.pch";
				INFOPLIST_FILE = "iOSCounter4MVCTests/iOSCounter4MVCTests-Info.plist";
				PRODUCT_NAME = "$(TARGET_NAME)";
				TEST_AFTER_BUILD = YES;
				TEST_HOST = "$(BUNDLE_LOADER)";
				VALID_ARCHS = "armv7 armv7s i386";
				WRAPPER_EXTENSION = octest;
			};
			name = Release;
		};
/* End XCBuildConfiguration section */

/* Begin XCConfigurationList section */
		02C855431715528800982AC3 /* Build configuration list for PBXProject "iOSCounter4MVC" */ = {
			isa = XCConfigurationList;
			buildConfigurations = (
				02C8557A1715528800982AC3 /* Debug */,
				02C8557B1715528800982AC3 /* Release */,
			);
			defaultConfigurationIsVisible = 0;
			defaultConfigurationName = Release;
		};
		02C8557C1715528800982AC3 /* Build configuration list for PBXNativeTarget "iOSCounter4MVC" */ = {
			isa = XCConfigurationList;
			buildConfigurations = (
				02C8557D1715528800982AC3 /* Debug */,
				02C8557E1715528800982AC3 /* Release */,
			);
			defaultConfigurationIsVisible = 0;
			defaultConfigurationName = Release;
		};
		02C8557F1715528800982AC3 /* Build configuration list for PBXNativeTarget "iOSCounter4MVCTests" */ = {
			isa = XCConfigurationList;
			buildConfigurations = (
				02C855801715528800982AC3 /* Debug */,
				02C855811715528800982AC3 /* Release */,
			);
			defaultConfigurationIsVisible = 0;
			defaultConfigurationName = Release;
		};
/* End XCConfigurationList section */
	};
	rootObject = 02C855401715528800982AC3 /* Project object */;
}
